// !$*UTF8*$!
{
	archiveVersion = 1;
	classes = {
	};
	objectVersion = 56;
	objects = {

/* Begin PBXBuildFile section */
		F8770D6E2AED1E120028DCD0 /* FastLoanAppApp.swift in Sources */ = {isa = PBXBuildFile; fileRef = F8770D6D2AED1E120028DCD0 /* FastLoanAppApp.swift */; };
		F8770D702AED1E120028DCD0 /* Onboarding.swift in Sources */ = {isa = PBXBuildFile; fileRef = F8770D6F2AED1E120028DCD0 /* Onboarding.swift */; };
		F8770D722AED1E160028DCD0 /* Assets.xcassets in Resources */ = {isa = PBXBuildFile; fileRef = F8770D712AED1E160028DCD0 /* Assets.xcassets */; };
		F8770D752AED1E160028DCD0 /* Preview Assets.xcassets in Resources */ = {isa = PBXBuildFile; fileRef = F8770D742AED1E160028DCD0 /* Preview Assets.xcassets */; };
		F8770D7C2AED1E600028DCD0 /* AuthPage.swift in Sources */ = {isa = PBXBuildFile; fileRef = F8770D7B2AED1E600028DCD0 /* AuthPage.swift */; };
		F8770D7E2AED23C80028DCD0 /* SignIn.swift in Sources */ = {isa = PBXBuildFile; fileRef = F8770D7D2AED23C80028DCD0 /* SignIn.swift */; };
		F8770D802AED31730028DCD0 /* HomePage.swift in Sources */ = {isa = PBXBuildFile; fileRef = F8770D7F2AED31730028DCD0 /* HomePage.swift */; };
		F8770D822AED8ADD0028DCD0 /* NewLoan.swift in Sources */ = {isa = PBXBuildFile; fileRef = F8770D812AED8ADD0028DCD0 /* NewLoan.swift */; };
		F8770D842AED93680028DCD0 /* Overview.swift in Sources */ = {isa = PBXBuildFile; fileRef = F8770D832AED93680028DCD0 /* Overview.swift */; };
/* End PBXBuildFile section */

/* Begin PBXFileReference section */
		F8770D6A2AED1E120028DCD0 /* FastLoanApp.app */ = {isa = PBXFileReference; explicitFileType = wrapper.application; includeInIndex = 0; path = FastLoanApp.app; sourceTree = BUILT_PRODUCTS_DIR; };
		F8770D6D2AED1E120028DCD0 /* FastLoanAppApp.swift */ = {isa = PBXFileReference; lastKnownFileType = sourcecode.swift; path = FastLoanAppApp.swift; sourceTree = "<group>"; };
		F8770D6F2AED1E120028DCD0 /* Onboarding.swift */ = {isa = PBXFileReference; lastKnownFileType = sourcecode.swift; path = Onboarding.swift; sourceTree = "<group>"; };
		F8770D712AED1E160028DCD0 /* Assets.xcassets */ = {isa = PBXFileReference; lastKnownFileType = folder.assetcatalog; path = Assets.xcassets; sourceTree = "<group>"; };
		F8770D742AED1E160028DCD0 /* Preview Assets.xcassets */ = {isa = PBXFileReference; lastKnownFileType = folder.assetcatalog; path = "Preview Assets.xcassets"; sourceTree = "<group>"; };
		F8770D7B2AED1E600028DCD0 /* AuthPage.swift */ = {isa = PBXFileReference; lastKnownFileType = sourcecode.swift; path = AuthPage.swift; sourceTree = "<group>"; };
		F8770D7D2AED23C80028DCD0 /* SignIn.swift */ = {isa = PBXFileReference; lastKnownFileType = sourcecode.swift; path = SignIn.swift; sourceTree = "<group>"; };
		F8770D7F2AED31730028DCD0 /* HomePage.swift */ = {isa = PBXFileReference; lastKnownFileType = sourcecode.swift; path = HomePage.swift; sourceTree = "<group>"; };
		F8770D812AED8ADD0028DCD0 /* NewLoan.swift */ = {isa = PBXFileReference; lastKnownFileType = sourcecode.swift; path = NewLoan.swift; sourceTree = "<group>"; };
		F8770D832AED93680028DCD0 /* Overview.swift */ = {isa = PBXFileReference; lastKnownFileType = sourcecode.swift; path = Overview.swift; sourceTree = "<group>"; };
/* End PBXFileReference section */

/* Begin PBXFrameworksBuildPhase section */
		F8770D672AED1E120028DCD0 /* Frameworks */ = {
			isa = PBXFrameworksBuildPhase;
			buildActionMask = 2147483647;
			files = (
			);
			runOnlyForDeploymentPostprocessing = 0;
		};
/* End PBXFrameworksBuildPhase section */

/* Begin PBXGroup section */
		F8770D612AED1E120028DCD0 = {
			isa = PBXGroup;
			children = (
				F8770D6C2AED1E120028DCD0 /* FastLoanApp */,
				F8770D6B2AED1E120028DCD0 /* Products */,
			);
			sourceTree = "<group>";
		};
		F8770D6B2AED1E120028DCD0 /* Products */ = {
			isa = PBXGroup;
			children = (
				F8770D6A2AED1E120028DCD0 /* FastLoanApp.app */,
			);
			name = Products;
			sourceTree = "<group>";
		};
		F8770D6C2AED1E120028DCD0 /* FastLoanApp */ = {
			isa = PBXGroup;
			children = (
				F8770D6D2AED1E120028DCD0 /* FastLoanAppApp.swift */,
				F8770D6F2AED1E120028DCD0 /* Onboarding.swift */,
				F8770D712AED1E160028DCD0 /* Assets.xcassets */,
				F8770D732AED1E160028DCD0 /* Preview Content */,
				F8770D7B2AED1E600028DCD0 /* AuthPage.swift */,
				F8770D7D2AED23C80028DCD0 /* SignIn.swift */,
				F8770D7F2AED31730028DCD0 /* HomePage.swift */,
				F8770D812AED8ADD0028DCD0 /* NewLoan.swift */,
				F8770D832AED93680028DCD0 /* Overview.swift */,
			);
			path = FastLoanApp;
			sourceTree = "<group>";
		};
		F8770D732AED1E160028DCD0 /* Preview Content */ = {
			isa = PBXGroup;
			children = (
				F8770D742AED1E160028DCD0 /* Preview Assets.xcassets */,
			);
			path = "Preview Content";
			sourceTree = "<group>";
		};
/* End PBXGroup section */

/* Begin PBXNativeTarget section */
		F8770D692AED1E120028DCD0 /* FastLoanApp */ = {
			isa = PBXNativeTarget;
			buildConfigurationList = F8770D782AED1E160028DCD0 /* Build configuration list for PBXNativeTarget "FastLoanApp" */;
			buildPhases = (
				F8770D662AED1E120028DCD0 /* Sources */,
				F8770D672AED1E120028DCD0 /* Frameworks */,
				F8770D682AED1E120028DCD0 /* Resources */,
			);
			buildRules = (
			);
			dependencies = (
			);
			name = FastLoanApp;
			productName = FastLoanApp;
			productReference = F8770D6A2AED1E120028DCD0 /* FastLoanApp.app */;
			productType = "com.apple.product-type.application";
		};
/* End PBXNativeTarget section */

/* Begin PBXProject section */
		F8770D622AED1E120028DCD0 /* Project object */ = {
			isa = PBXProject;
			attributes = {
				BuildIndependentTargetsInParallel = 1;
				LastSwiftUpdateCheck = 1500;
				LastUpgradeCheck = 1500;
				TargetAttributes = {
					F8770D692AED1E120028DCD0 = {
						CreatedOnToolsVersion = 15.0;
					};
				};
			};
			buildConfigurationList = F8770D652AED1E120028DCD0 /* Build configuration list for PBXProject "FastLoanApp" */;
			compatibilityVersion = "Xcode 14.0";
			developmentRegion = en;
			hasScannedForEncodings = 0;
			knownRegions = (
				en,
				Base,
			);
			mainGroup = F8770D612AED1E120028DCD0;
			productRefGroup = F8770D6B2AED1E120028DCD0 /* Products */;
			projectDirPath = "";
			projectRoot = "";
			targets = (
				F8770D692AED1E120028DCD0 /* FastLoanApp */,
			);
		};
/* End PBXProject section */

/* Begin PBXResourcesBuildPhase section */
		F8770D682AED1E120028DCD0 /* Resources */ = {
			isa = PBXResourcesBuildPhase;
			buildActionMask = 2147483647;
			files = (
				F8770D752AED1E160028DCD0 /* Preview Assets.xcassets in Resources */,
				F8770D722AED1E160028DCD0 /* Assets.xcassets in Resources */,
			);
			runOnlyForDeploymentPostprocessing = 0;
		};
/* End PBXResourcesBuildPhase section */

/* Begin PBXSourcesBuildPhase section */
		F8770D662AED1E120028DCD0 /* Sources */ = {
			isa = PBXSourcesBuildPhase;
			buildActionMask = 2147483647;
			files = (
				F8770D802AED31730028DCD0 /* HomePage.swift in Sources */,
				F8770D702AED1E120028DCD0 /* Onboarding.swift in Sources */,
				F8770D822AED8ADD0028DCD0 /* NewLoan.swift in Sources */,
				F8770D7C2AED1E600028DCD0 /* AuthPage.swift in Sources */,
				F8770D6E2AED1E120028DCD0 /* FastLoanAppApp.swift in Sources */,
				F8770D7E2AED23C80028DCD0 /* SignIn.swift in Sources */,
				F8770D842AED93680028DCD0 /* Overview.swift in Sources */,
			);
			runOnlyForDeploymentPostprocessing = 0;
		};
/* End PBXSourcesBuildPhase section */

/* Begin XCBuildConfiguration section */
		F8770D762AED1E160028DCD0 /* Debug */ = {
			isa = XCBuildConfiguration;
			buildSettings = {
				ALWAYS_SEARCH_USER_PATHS = NO;
				ASSETCATALOG_COMPILER_GENERATE_SWIFT_ASSET_SYMBOL_EXTENSIONS = YES;
				CLANG_ANALYZER_NONNULL = YES;
				CLANG_ANALYZER_NUMBER_OBJECT_CONVERSION = YES_AGGRESSIVE;
				CLANG_CXX_LANGUAGE_STANDARD = "gnu++20";
				CLANG_ENABLE_MODULES = YES;
				CLANG_ENABLE_OBJC_ARC = YES;
				CLANG_ENABLE_OBJC_WEAK = YES;
				CLANG_WARN_BLOCK_CAPTURE_AUTORELEASING = YES;
				CLANG_WARN_BOOL_CONVERSION = YES;
				CLANG_WARN_COMMA = YES;
				CLANG_WARN_CONSTANT_CONVERSION = YES;
				CLANG_WARN_DEPRECATED_OBJC_IMPLEMENTATIONS = YES;
				CLANG_WARN_DIRECT_OBJC_ISA_USAGE = YES_ERROR;
				CLANG_WARN_DOCUMENTATION_COMMENTS = YES;
				CLANG_WARN_EMPTY_BODY = YES;
				CLANG_WARN_ENUM_CONVERSION = YES;
				CLANG_WARN_INFINITE_RECURSION = YES;
				CLANG_WARN_INT_CONVERSION = YES;
				CLANG_WARN_NON_LITERAL_NULL_CONVERSION = YES;
				CLANG_WARN_OBJC_IMPLICIT_RETAIN_SELF = YES;
				CLANG_WARN_OBJC_LITERAL_CONVERSION = YES;
				CLANG_WARN_OBJC_ROOT_CLASS = YES_ERROR;
				CLANG_WARN_QUOTED_INCLUDE_IN_FRAMEWORK_HEADER = YES;
				CLANG_WARN_RANGE_LOOP_ANALYSIS = YES;
				CLANG_WARN_STRICT_PROTOTYPES = YES;
				CLANG_WARN_SUSPICIOUS_MOVE = YES;
				CLANG_WARN_UNGUARDED_AVAILABILITY = YES_AGGRESSIVE;
				CLANG_WARN_UNREACHABLE_CODE = YES;
				CLANG_WARN__DUPLICATE_METHOD_MATCH = YES;
				COPY_PHASE_STRIP = NO;
				DEBUG_INFORMATION_FORMAT = dwarf;
				ENABLE_STRICT_OBJC_MSGSEND = YES;
				ENABLE_TESTABILITY = YES;
				ENABLE_USER_SCRIPT_SANDBOXING = YES;
				GCC_C_LANGUAGE_STANDARD = gnu17;
				GCC_DYNAMIC_NO_PIC = NO;
				GCC_NO_COMMON_BLOCKS = YES;
				GCC_OPTIMIZATION_LEVEL = 0;
				GCC_PREPROCESSOR_DEFINITIONS = (
					"DEBUG=1",
					"$(inherited)",
				);
				GCC_WARN_64_TO_32_BIT_CONVERSION = YES;
				GCC_WARN_ABOUT_RETURN_TYPE = YES_ERROR;
				GCC_WARN_UNDECLARED_SELECTOR = YES;
				GCC_WARN_UNINITIALIZED_AUTOS = YES_AGGRESSIVE;
				GCC_WARN_UNUSED_FUNCTION = YES;
				GCC_WARN_UNUSED_VARIABLE = YES;
				IPHONEOS_DEPLOYMENT_TARGET = 17.0;
				LOCALIZATION_PREFERS_STRING_CATALOGS = YES;
				MTL_ENABLE_DEBUG_INFO = INCLUDE_SOURCE;
				MTL_FAST_MATH = YES;
				ONLY_ACTIVE_ARCH = YES;
				SDKROOT = iphoneos;
				SWIFT_ACTIVE_COMPILATION_CONDITIONS = "DEBUG $(inherited)";
				SWIFT_OPTIMIZATION_LEVEL = "-Onone";
			};
			name = Debug;
		};
		F8770D772AED1E160028DCD0 /* Release */ = {
			isa = XCBuildConfiguration;
			buildSettings = {
				ALWAYS_SEARCH_USER_PATHS = NO;
				ASSETCATALOG_COMPILER_GENERATE_SWIFT_ASSET_SYMBOL_EXTENSIONS = YES;
				CLANG_ANALYZER_NONNULL = YES;
				CLANG_ANALYZER_NUMBER_OBJECT_CONVERSION = YES_AGGRESSIVE;
				CLANG_CXX_LANGUAGE_STANDARD = "gnu++20";
				CLANG_ENABLE_MODULES = YES;
				CLANG_ENABLE_OBJC_ARC = YES;
				CLANG_ENABLE_OBJC_WEAK = YES;
				CLANG_WARN_BLOCK_CAPTURE_AUTORELEASING = YES;
				CLANG_WARN_BOOL_CONVERSION = YES;
				CLANG_WARN_COMMA = YES;
				CLANG_WARN_CONSTANT_CONVERSION = YES;
				CLANG_WARN_DEPRECATED_OBJC_IMPLEMENTATIONS = YES;
				CLANG_WARN_DIRECT_OBJC_ISA_USAGE = YES_ERROR;
				CLANG_WARN_DOCUMENTATION_COMMENTS = YES;
				CLANG_WARN_EMPTY_BODY = YES;
				CLANG_WARN_ENUM_CONVERSION = YES;
				CLANG_WARN_INFINITE_RECURSION = YES;
				CLANG_WARN_INT_CONVERSION = YES;
				CLANG_WARN_NON_LITERAL_NULL_CONVERSION = YES;
				CLANG_WARN_OBJC_IMPLICIT_RETAIN_SELF = YES;
				CLANG_WARN_OBJC_LITERAL_CONVERSION = YES;
				CLANG_WARN_OBJC_ROOT_CLASS = YES_ERROR;
				CLANG_WARN_QUOTED_INCLUDE_IN_FRAMEWORK_HEADER = YES;
				CLANG_WARN_RANGE_LOOP_ANALYSIS = YES;
				CLANG_WARN_STRICT_PROTOTYPES = YES;
				CLANG_WARN_SUSPICIOUS_MOVE = YES;
				CLANG_WARN_UNGUARDED_AVAILABILITY = YES_AGGRESSIVE;
				CLANG_WARN_UNREACHABLE_CODE = YES;
				CLANG_WARN__DUPLICATE_METHOD_MATCH = YES;
				COPY_PHASE_STRIP = NO;
				DEBUG_INFORMATION_FORMAT = "dwarf-with-dsym";
				ENABLE_NS_ASSERTIONS = NO;
				ENABLE_STRICT_OBJC_MSGSEND = YES;
				ENABLE_USER_SCRIPT_SANDBOXING = YES;
				GCC_C_LANGUAGE_STANDARD = gnu17;
				GCC_NO_COMMON_BLOCKS = YES;
				GCC_WARN_64_TO_32_BIT_CONVERSION = YES;
				GCC_WARN_ABOUT_RETURN_TYPE = YES_ERROR;
				GCC_WARN_UNDECLARED_SELECTOR = YES;
				GCC_WARN_UNINITIALIZED_AUTOS = YES_AGGRESSIVE;
				GCC_WARN_UNUSED_FUNCTION = YES;
				GCC_WARN_UNUSED_VARIABLE = YES;
				IPHONEOS_DEPLOYMENT_TARGET = 17.0;
				LOCALIZATION_PREFERS_STRING_CATALOGS = YES;
				MTL_ENABLE_DEBUG_INFO = NO;
				MTL_FAST_MATH = YES;
				SDKROOT = iphoneos;
				SWIFT_COMPILATION_MODE = wholemodule;
				VALIDATE_PRODUCT = YES;
			};
			name = Release;
		};
		F8770D792AED1E160028DCD0 /* Debug */ = {
			isa = XCBuildConfiguration;
			buildSettings = {
				ASSETCATALOG_COMPILER_APPICON_NAME = AppIcon;
				ASSETCATALOG_COMPILER_GLOBAL_ACCENT_COLOR_NAME = AccentColor;
				CODE_SIGN_STYLE = Automatic;
				CURRENT_PROJECT_VERSION = 1;
				DEVELOPMENT_ASSET_PATHS = "\"FastLoanApp/Preview Content\"";
				ENABLE_PREVIEWS = YES;
				GENERATE_INFOPLIST_FILE = YES;
				INFOPLIST_KEY_UIApplicationSceneManifest_Generation = YES;
				INFOPLIST_KEY_UIApplicationSupportsIndirectInputEvents = YES;
				INFOPLIST_KEY_UILaunchScreen_Generation = YES;
				INFOPLIST_KEY_UISupportedInterfaceOrientations_iPad = "UIInterfaceOrientationPortrait UIInterfaceOrientationPortraitUpsideDown UIInterfaceOrientationLandscapeLeft UIInterfaceOrientationLandscapeRight";
				INFOPLIST_KEY_UISupportedInterfaceOrientations_iPhone = "UIInterfaceOrientationPortrait UIInterfaceOrientationLandscapeLeft UIInterfaceOrientationLandscapeRight";
				LD_RUNPATH_SEARCH_PATHS = (
					"$(inherited)",
					"@executable_path/Frameworks",
				);
				MARKETING_VERSION = 1.0;
				PRODUCT_BUNDLE_IDENTIFIER = com.example.FastLoanApp;
				PRODUCT_NAME = "$(TARGET_NAME)";
				SWIFT_EMIT_LOC_STRINGS = YES;
				SWIFT_VERSION = 5.0;
				TARGETED_DEVICE_FAMILY = "1,2";
			};
			name = Debug;
		};
		F8770D7A2AED1E160028DCD0 /* Release */ = {
			isa = XCBuildConfiguration;
			buildSettings = {
				ASSETCATALOG_COMPILER_APPICON_NAME = AppIcon;
				ASSETCATALOG_COMPILER_GLOBAL_ACCENT_COLOR_NAME = AccentColor;
				CODE_SIGN_STYLE = Automatic;
				CURRENT_PROJECT_VERSION = 1;
				DEVELOPMENT_ASSET_PATHS = "\"FastLoanApp/Preview Content\"";
				ENABLE_PREVIEWS = YES;
				GENERATE_INFOPLIST_FILE = YES;
				INFOPLIST_KEY_UIApplicationSceneManifest_Generation = YES;
				INFOPLIST_KEY_UIApplicationSupportsIndirectInputEvents = YES;
				INFOPLIST_KEY_UILaunchScreen_Generation = YES;
				INFOPLIST_KEY_UISupportedInterfaceOrientations_iPad = "UIInterfaceOrientationPortrait UIInterfaceOrientationPortraitUpsideDown UIInterfaceOrientationLandscapeLeft UIInterfaceOrientationLandscapeRight";
				INFOPLIST_KEY_UISupportedInterfaceOrientations_iPhone = "UIInterfaceOrientationPortrait UIInterfaceOrientationLandscapeLeft UIInterfaceOrientationLandscapeRight";
				LD_RUNPATH_SEARCH_PATHS = (
					"$(inherited)",
					"@executable_path/Frameworks",
				);
				MARKETING_VERSION = 1.0;
				PRODUCT_BUNDLE_IDENTIFIER = com.example.FastLoanApp;
				PRODUCT_NAME = "$(TARGET_NAME)";
				SWIFT_EMIT_LOC_STRINGS = YES;
				SWIFT_VERSION = 5.0;
				TARGETED_DEVICE_FAMILY = "1,2";
			};
			name = Release;
		};
/* End XCBuildConfiguration section */

/* Begin XCConfigurationList section */
		F8770D652AED1E120028DCD0 /* Build configuration list for PBXProject "FastLoanApp" */ = {
			isa = XCConfigurationList;
			buildConfigurations = (
				F8770D762AED1E160028DCD0 /* Debug */,
				F8770D772AED1E160028DCD0 /* Release */,
			);
			defaultConfigurationIsVisible = 0;
			defaultConfigurationName = Release;
		};
		F8770D782AED1E160028DCD0 /* Build configuration list for PBXNativeTarget "FastLoanApp" */ = {
			isa = XCConfigurationList;
			buildConfigurations = (
				F8770D792AED1E160028DCD0 /* Debug */,
				F8770D7A2AED1E160028DCD0 /* Release */,
			);
			defaultConfigurationIsVisible = 0;
			defaultConfigurationName = Release;
		};
/* End XCConfigurationList section */
	};
	rootObject = F8770D622AED1E120028DCD0 /* Project object */;
}
